
Microsoft Visual Studio Solution File, Format Version 12.00
# Visual Studio Version 16
VisualStudioVersion = 16.0.810.25
MinimumVisualStudioVersion = 10.0.40219.1
Project("{FAE04EC0-301F-11D3-BF4B-00C04F79EFBC}") = "TEngineServer", "TEngineServer\TEngineServer.csproj", "{50DEF412-2870-480D-AB82-676A0099D533}"
EndProject
Project("{FAE04EC0-301F-11D3-BF4B-00C04F79EFBC}") = "Logging", "..\Logging\Logging.csproj", "{76301862-C71A-44F3-BE3A-7FAD89BFFB0F}"
EndProject
Project("{FAE04EC0-301F-11D3-BF4B-00C04F79EFBC}") = "Instrument", "Instrument\Instrument.csproj", "{BB355557-EF12-476B-8801-D2DA067D7716}"
EndProject
Project("{FAE04EC0-301F-11D3-BF4B-00C04F79EFBC}") = "Order", "Order\Order.csproj", "{AE542E8C-C496-479B-831A-E83B4E0E8C2A}"
EndProject
Project("{FAE04EC0-301F-11D3-BF4B-00C04F79EFBC}") = "OrderBook", "OrderBook\OrderBook.csproj", "{4974C52B-C91A-4CCE-B69C-925545ABC6C2}"
EndProject
Global
	GlobalSection(SolutionConfigurationPlatforms) = preSolution
		Debug|Any CPU = Debug|Any CPU
		Release|Any CPU = Release|Any CPU
	EndGlobalSection
	GlobalSection(ProjectConfigurationPlatforms) = postSolution
		{50DEF412-2870-480D-AB82-676A0099D533}.Debug|Any CPU.ActiveCfg = Debug|Any CPU
		{50DEF412-2870-480D-AB82-676A0099D533}.Debug|Any CPU.Build.0 = Debug|Any CPU
		{50DEF412-2870-480D-AB82-676A0099D533}.Release|Any CPU.ActiveCfg = Release|Any CPU
		{50DEF412-2870-480D-AB82-676A0099D533}.Release|Any CPU.Build.0 = Release|Any CPU
		{76301862-C71A-44F3-BE3A-7FAD89BFFB0F}.Debug|Any CPU.ActiveCfg = Debug|Any CPU
		{76301862-C71A-44F3-BE3A-7FAD89BFFB0F}.Debug|Any CPU.Build.0 = Debug|Any CPU
		{76301862-C71A-44F3-BE3A-7FAD89BFFB0F}.Release|Any CPU.ActiveCfg = Release|Any CPU
		{76301862-C71A-44F3-BE3A-7FAD89BFFB0F}.Release|Any CPU.Build.0 = Release|Any CPU
		{BB355557-EF12-476B-8801-D2DA067D7716}.Debug|Any CPU.ActiveCfg = Debug|Any CPU
		{BB355557-EF12-476B-8801-D2DA067D7716}.Debug|Any CPU.Build.0 = Debug|Any CPU
		{BB355557-EF12-476B-8801-D2DA067D7716}.Release|Any CPU.ActiveCfg = Release|Any CPU
		{BB355557-EF12-476B-8801-D2DA067D7716}.Release|Any CPU.Build.0 = Release|Any CPU
		{AE542E8C-C496-479B-831A-E83B4E0E8C2A}.Debug|Any CPU.ActiveCfg = Debug|Any CPU
		{AE542E8C-C496-479B-831A-E83B4E0E8C2A}.Debug|Any CPU.Build.0 = Debug|Any CPU
		{AE542E8C-C496-479B-831A-E83B4E0E8C2A}.Release|Any CPU.ActiveCfg = Release|Any CPU
		{AE542E8C-C496-479B-831A-E83B4E0E8C2A}.Release|Any CPU.Build.0 = Release|Any CPU
		{4974C52B-C91A-4CCE-B69C-925545ABC6C2}.Debug|Any CPU.ActiveCfg = Debug|Any CPU
		{4974C52B-C91A-4CCE-B69C-925545ABC6C2}.Debug|Any CPU.Build.0 = Debug|Any CPU
		{4974C52B-C91A-4CCE-B69C-925545ABC6C2}.Release|Any CPU.ActiveCfg = Release|Any CPU
		{4974C52B-C91A-4CCE-B69C-925545ABC6C2}.Release|Any CPU.Build.0 = Release|Any CPU
	EndGlobalSection
	GlobalSection(SolutionProperties) = preSolution
		HideSolutionNode = FALSE
	EndGlobalSection
	GlobalSection(ExtensibilityGlobals) = postSolution
		SolutionGuid = {1BC855F1-27FD-4321-9196-5D4735DBD697}
	EndGlobalSection
EndGlobal
